{
  "name": "door-config",
  "version": "1.0.0",
  "lockfileVersion": 2,
  "requires": true,
  "packages": {
    "": {
      "name": "door-config",
      "version": "1.0.0",
      "license": "ISC",
      "devDependencies": {
        "tcp-ping-port": "^1.0.1"
      }
    },
    "node_modules/dns-fast-resolver": {
      "version": "1.0.1",
      "resolved": "https://registry.npmjs.org/dns-fast-resolver/-/dns-fast-resolver-1.0.1.tgz",
      "integrity": "sha512-eei8mRXJX2B486lVUICtMwN//Ze2QlNt6ZGRlym9bIxypkw7a2nRweukbLXCJNTiZcAsX2fdbdP/MFT/J/4EZg==",
      "dev": true,
      "dependencies": {
        "lodash": "^4.17.20"
      },
      "engines": {
        "node": ">=12"
      }
    },
    "node_modules/esm": {
      "version": "3.2.25",
      "resolved": "https://registry.npmjs.org/esm/-/esm-3.2.25.tgz",
      "integrity": "sha512-U1suiZ2oDVWv4zPO56S0NcR5QriEahGtdN2OR6FiOG4WJvcjBVFB0qI4+eKoWFH483PKGuLuu6V8Z4T5g63UVA==",
      "dev": true,
      "engines": {
        "node": ">=6"
      }
    },
    "node_modules/lodash": {
      "version": "4.17.21",
      "resolved": "https://registry.npmjs.org/lodash/-/lodash-4.17.21.tgz",
      "integrity": "sha512-v2kDEe57lecTulaDIuNTPy3Ry4gLGJ6Z1O3vE1krgXZNrsQ+LFTGHVxVjcXPs17LhbZVGedAJv8XZ1tvj5FvSg==",
      "dev": true
    },
    "node_modules/maketype": {
      "version": "1.0.1",
      "resolved": "https://registry.npmjs.org/maketype/-/maketype-1.0.1.tgz",
      "integrity": "sha512-0oGIyz3dzoUzcI7ZWD/XCJbVW8P95JLv2lWdA9t2ZGNSQJ3Pdhz6nJ82dfOLZSUKTaA8d8chg6sAJDMNxZwHMw==",
      "dev": true,
      "dependencies": {
        "esm": "^3.2.25"
      }
    },
    "node_modules/tcp-ping-port": {
      "version": "1.0.1",
      "resolved": "https://registry.npmjs.org/tcp-ping-port/-/tcp-ping-port-1.0.1.tgz",
      "integrity": "sha512-YAlsmy6IMVIJpLF+/nXjcuzOfgKnqqsgwBhlHcakAjwE97VR4l21oviaobuhF+2Tcrfyr5VuNKRcz63d2Y14pw==",
      "dev": true,
      "dependencies": {
        "dns-fast-resolver": "^1.0.0",
        "lodash": "^4.17.20",
        "maketype": "^1.0.1"
      },
      "engines": {
        "node": ">=12.0"
      }
    }
  },
  "dependencies": {
    "dns-fast-resolver": {
      "version": "1.0.1",
      "resolved": "https://registry.npmjs.org/dns-fast-resolver/-/dns-fast-resolver-1.0.1.tgz",
      "integrity": "sha512-eei8mRXJX2B486lVUICtMwN//Ze2QlNt6ZGRlym9bIxypkw7a2nRweukbLXCJNTiZcAsX2fdbdP/MFT/J/4EZg==",
      "dev": true,
      "requires": {
        "lodash": "^4.17.20"
      }
    },
    "esm": {
      "version": "3.2.25",
      "resolved": "https://registry.npmjs.org/esm/-/esm-3.2.25.tgz",
      "integrity": "sha512-U1suiZ2oDVWv4zPO56S0NcR5QriEahGtdN2OR6FiOG4WJvcjBVFB0qI4+eKoWFH483PKGuLuu6V8Z4T5g63UVA==",
      "dev": true
    },
    "lodash": {
      "version": "4.17.21",
      "resolved": "https://registry.npmjs.org/lodash/-/lodash-4.17.21.tgz",
      "integrity": "sha512-v2kDEe57lecTulaDIuNTPy3Ry4gLGJ6Z1O3vE1krgXZNrsQ+LFTGHVxVjcXPs17LhbZVGedAJv8XZ1tvj5FvSg==",
      "dev": true
    },
    "maketype": {
      "version": "1.0.1",
      "resolved": "https://registry.npmjs.org/maketype/-/maketype-1.0.1.tgz",
      "integrity": "sha512-0oGIyz3dzoUzcI7ZWD/XCJbVW8P95JLv2lWdA9t2ZGNSQJ3Pdhz6nJ82dfOLZSUKTaA8d8chg6sAJDMNxZwHMw==",
      "dev": true,
      "requires": {
        "esm": "^3.2.25"
      }
    },
    "tcp-ping-port": {
      "version": "1.0.1",
      "resolved": "https://registry.npmjs.org/tcp-ping-port/-/tcp-ping-port-1.0.1.tgz",
      "integrity": "sha512-YAlsmy6IMVIJpLF+/nXjcuzOfgKnqqsgwBhlHcakAjwE97VR4l21oviaobuhF+2Tcrfyr5VuNKRcz63d2Y14pw==",
      "dev": true,
      "requires": {
        "dns-fast-resolver": "^1.0.0",
        "lodash": "^4.17.20",
        "maketype": "^1.0.1"
      }
    }
  }
}
